lockfileVersion: '9.0'

settings:
  autoInstallPeers: true
  excludeLinksFromLockfile: false

patchedDependencies:
  eris:
    hash: 7819021cea1567d4fb8c6a81e73630ce08082dfe9ae781b59650a6b68f1126b2
    path: patches/eris.patch

importers:

  .:
    dependencies:
      async-wait-until:
        specifier: ^2.0.30
        version: 2.0.31
      eris:
        specifier: ^0.18.0
        version: 0.18.0(patch_hash=7819021cea1567d4fb8c6a81e73630ce08082dfe9ae781b59650a6b68f1126b2)
      fix-esm:
        specifier: ^1.0.1
        version: 1.0.1
      md5:
        specifier: ^2.3.0
        version: 2.3.0
      mongodb:
        specifier: ^6.20.0
        version: 6.20.0
      mpg123-decoder:
        specifier: ^1.0.2
        version: 1.0.3
      node-fetch:
        specifier: ^2.7.0
        version: 2.7.0
      node-schedule:
        specifier: ^2.1.1
        version: 2.1.1
      promise-queue:
        specifier: ^2.2.5
        version: 2.2.5
      slash-create:
        specifier: ^6.6.2
        version: 6.6.4
      sprintf-js:
        specifier: ^1.1.3
        version: 1.1.3
      status-client:
        specifier: github:jimchen5209/StatusClient_JS#v2.3.0
        version: https://codeload.github.com/jimchen5209/StatusClient_JS/tar.gz/be7568ff41c68bf6a87b892698145af7c8a8c983
      tslog:
        specifier: ^4.9.3
        version: 4.10.2
    devDependencies:
      '@biomejs/biome':
        specifier: 2.3.0
        version: 2.3.0
      '@types/md5':
        specifier: ^2.3.5
        version: 2.3.6
      '@types/node':
        specifier: ^22.18.6
        version: 22.18.12
      '@types/node-fetch':
        specifier: ^2.6.13
        version: 2.6.13
      '@types/node-schedule':
        specifier: ^2.1.8
        version: 2.1.8
      '@types/promise-queue':
        specifier: ^2.2.3
        version: 2.2.3
      '@types/sprintf-js':
        specifier: ^1.1.4
        version: 1.1.4
      '@types/ws':
        specifier: ^8.18.1
        version: 8.18.1
      globals:
        specifier: ^16.4.0
        version: 16.4.0
      typescript:
        specifier: ^5.9.2
        version: 5.9.3

packages:

  '@babel/code-frame@7.27.1':
    resolution: {integrity: sha512-cjQ7ZlQ0Mv3b47hABuTevyTuYN4i+loJKGeV9flcCgIK37cCXRh+L1bd3iBHlynerhQ7BhCkn2BPbQUL+rGqFg==}
    engines: {node: '>=6.9.0'}

  '@babel/compat-data@7.28.4':
    resolution: {integrity: sha512-YsmSKC29MJwf0gF8Rjjrg5LQCmyh+j/nD8/eP7f+BeoQTKYqs9RoWbjGOdy0+1Ekr68RJZMUOPVQaQisnIo4Rw==}
    engines: {node: '>=6.9.0'}

  '@babel/core@7.28.4':
    resolution: {integrity: sha512-2BCOP7TN8M+gVDj7/ht3hsaO/B/n5oDbiAyyvnRlNOs+u1o+JWNYTQrmpuNp1/Wq2gcFrI01JAW+paEKDMx/CA==}
    engines: {node: '>=6.9.0'}

  '@babel/generator@7.28.3':
    resolution: {integrity: sha512-3lSpxGgvnmZznmBkCRnVREPUFJv2wrv9iAoFDvADJc0ypmdOxdUtcLeBgBJ6zE0PMeTKnxeQzyk0xTBq4Ep7zw==}
    engines: {node: '>=6.9.0'}

  '@babel/helper-compilation-targets@7.27.2':
    resolution: {integrity: sha512-2+1thGUUWWjLTYTHZWK1n8Yga0ijBz1XAhUXcKy81rd5g6yh7hGqMp45v7cadSbEHc9G3OTv45SyneRN3ps4DQ==}
    engines: {node: '>=6.9.0'}

  '@babel/helper-globals@7.28.0':
    resolution: {integrity: sha512-+W6cISkXFa1jXsDEdYA8HeevQT/FULhxzR99pxphltZcVaugps53THCeiWA8SguxxpSp3gKPiuYfSWopkLQ4hw==}
    engines: {node: '>=6.9.0'}

  '@babel/helper-module-imports@7.27.1':
    resolution: {integrity: sha512-0gSFWUPNXNopqtIPQvlD5WgXYI5GY2kP2cCvoT8kczjbfcfuIljTbcWrulD1CIPIX2gt1wghbDy08yE1p+/r3w==}
    engines: {node: '>=6.9.0'}

  '@babel/helper-module-transforms@7.28.3':
    resolution: {integrity: sha512-gytXUbs8k2sXS9PnQptz5o0QnpLL51SwASIORY6XaBKF88nsOT0Zw9szLqlSGQDP/4TljBAD5y98p2U1fqkdsw==}
    engines: {node: '>=6.9.0'}
    peerDependencies:
      '@babel/core': ^7.0.0

  '@babel/helper-plugin-utils@7.27.1':
    resolution: {integrity: sha512-1gn1Up5YXka3YYAHGKpbideQ5Yjf1tDa9qYcgysz+cNCXukyLl6DjPXhD3VRwSb8c0J9tA4b2+rHEZtc6R0tlw==}
    engines: {node: '>=6.9.0'}

  '@babel/helper-string-parser@7.27.1':
    resolution: {integrity: sha512-qMlSxKbpRlAridDExk92nSobyDdpPijUq2DW6oDnUqd0iOGxmQjyqhMIihI9+zv4LPyZdRje2cavWPbCbWm3eA==}
    engines: {node: '>=6.9.0'}

  '@babel/helper-validator-identifier@7.27.1':
    resolution: {integrity: sha512-D2hP9eA+Sqx1kBZgzxZh0y1trbuU+JoDkiEwqhQ36nodYqJwyEIhPSdMNd7lOm/4io72luTPWH20Yda0xOuUow==}
    engines: {node: '>=6.9.0'}

  '@babel/helper-validator-option@7.27.1':
    resolution: {integrity: sha512-YvjJow9FxbhFFKDSuFnVCe2WxXk1zWc22fFePVNEaWJEu8IrZVlda6N0uHwzZrUM1il7NC9Mlp4MaJYbYd9JSg==}
    engines: {node: '>=6.9.0'}

  '@babel/helpers@7.28.4':
    resolution: {integrity: sha512-HFN59MmQXGHVyYadKLVumYsA9dBFun/ldYxipEjzA4196jpLZd8UjEEBLkbEkvfYreDqJhZxYAWFPtrfhNpj4w==}
    engines: {node: '>=6.9.0'}

  '@babel/parser@7.28.4':
    resolution: {integrity: sha512-yZbBqeM6TkpP9du/I2pUZnJsRMGGvOuIrhjzC1AwHwW+6he4mni6Bp/m8ijn0iOuZuPI2BfkCoSRunpyjnrQKg==}
    engines: {node: '>=6.0.0'}
    hasBin: true

  '@babel/plugin-proposal-export-namespace-from@7.18.9':
    resolution: {integrity: sha512-k1NtHyOMvlDDFeb9G5PhUXuGj8m/wiwojgQVEhJ/fsVsMCpLyOP4h0uGEjYJKrRI+EVPlb5Jk+Gt9P97lOGwtA==}
    engines: {node: '>=6.9.0'}
    deprecated: This proposal has been merged to the ECMAScript standard and thus this plugin is no longer maintained. Please use @babel/plugin-transform-export-namespace-from instead.
    peerDependencies:
      '@babel/core': ^7.0.0-0

  '@babel/plugin-syntax-export-namespace-from@7.8.3':
    resolution: {integrity: sha512-MXf5laXo6c1IbEbegDmzGPwGNTsHZmEy6QGznu5Sh2UCWvueywb2ee+CCE4zQiZstxU9BMoQO9i6zUFSY0Kj0Q==}
    peerDependencies:
      '@babel/core': ^7.0.0-0

  '@babel/plugin-transform-modules-commonjs@7.27.1':
    resolution: {integrity: sha512-OJguuwlTYlN0gBZFRPqwOGNWssZjfIUdS7HMYtN8c1KmwpwHFBwTeFZrg9XZa+DFTitWOW5iTAG7tyCUPsCCyw==}
    engines: {node: '>=6.9.0'}
    peerDependencies:
      '@babel/core': ^7.0.0-0

  '@babel/template@7.27.2':
    resolution: {integrity: sha512-LPDZ85aEJyYSd18/DkjNh4/y1ntkE5KwUHWTiqgRxruuZL2F1yuHligVHLvcHY2vMHXttKFpJn6LwfI7cw7ODw==}
    engines: {node: '>=6.9.0'}

  '@babel/traverse@7.28.4':
    resolution: {integrity: sha512-YEzuboP2qvQavAcjgQNVgsvHIDv6ZpwXvcvjmyySP2DIMuByS/6ioU5G9pYrWHM6T2YDfc7xga9iNzYOs12CFQ==}
    engines: {node: '>=6.9.0'}

  '@babel/types@7.28.4':
    resolution: {integrity: sha512-bkFqkLhh3pMBUQQkpVgWDWq/lqzc2678eUyDlTBhRqhCHFguYYGM0Efga7tYk4TogG/3x0EEl66/OQ+WGbWB/Q==}
    engines: {node: '>=6.9.0'}

  '@biomejs/biome@2.3.0':
    resolution: {integrity: sha512-shdUY5H3S3tJVUWoVWo5ua+GdPW5lRHf+b0IwZ4OC1o2zOKQECZ6l2KbU6t89FNhtd3Qx5eg5N7/UsQWGQbAFw==}
    engines: {node: '>=14.21.3'}
    hasBin: true

  '@biomejs/cli-darwin-arm64@2.3.0':
    resolution: {integrity: sha512-3cJVT0Z5pbTkoBmbjmDZTDFYxIkRcrs9sYVJbIBHU8E6qQxgXAaBfSVjjCreG56rfDuQBr43GzwzmaHPcu4vlw==}
    engines: {node: '>=14.21.3'}
    cpu: [arm64]
    os: [darwin]

  '@biomejs/cli-darwin-x64@2.3.0':
    resolution: {integrity: sha512-6LIkhglh3UGjuDqJXsK42qCA0XkD1Ke4K/raFOii7QQPbM8Pia7Qj2Hji4XuF2/R78hRmEx7uKJH3t/Y9UahtQ==}
    engines: {node: '>=14.21.3'}
    cpu: [x64]
    os: [darwin]

  '@biomejs/cli-linux-arm64-musl@2.3.0':
    resolution: {integrity: sha512-nDksoFdwZ2YrE7NiYDhtMhL2UgFn8Kb7Y0bYvnTAakHnqEdb4lKindtBc1f+xg2Snz0JQhJUYO7r9CDBosRU5w==}
    engines: {node: '>=14.21.3'}
    cpu: [arm64]
    os: [linux]
    libc: [musl]

  '@biomejs/cli-linux-arm64@2.3.0':
    resolution: {integrity: sha512-uhAsbXySX7xsXahegDg5h3CDgfMcRsJvWLFPG0pjkylgBb9lErbK2C0UINW52zhwg0cPISB09lxHPxCau4e2xA==}
    engines: {node: '>=14.21.3'}
    cpu: [arm64]
    os: [linux]
    libc: [glibc]

  '@biomejs/cli-linux-x64-musl@2.3.0':
    resolution: {integrity: sha512-+i9UcJwl99uAhtRQDz9jUAh+Xkb097eekxs/D9j4deWDg5/yB/jPWzISe1nBHvlzTXsdUSj0VvB4Go2DSpKIMw==}
    engines: {node: '>=14.21.3'}
    cpu: [x64]
    os: [linux]
    libc: [musl]

  '@biomejs/cli-linux-x64@2.3.0':
    resolution: {integrity: sha512-uxa8reA2s1VgoH8MhbGlCmMOt3JuSE1vJBifkh1ulaPiuk0SPx8cCdpnm9NWnTe2x/LfWInWx4sZ7muaXTPGGw==}
    engines: {node: '>=14.21.3'}
    cpu: [x64]
    os: [linux]
    libc: [glibc]

  '@biomejs/cli-win32-arm64@2.3.0':
    resolution: {integrity: sha512-ynjmsJLIKrAjC3CCnKMMhzcnNy8dbQWjKfSU5YA0mIruTxBNMbkAJp+Pr2iV7/hFou+66ZSD/WV8hmLEmhUaXA==}
    engines: {node: '>=14.21.3'}
    cpu: [arm64]
    os: [win32]

  '@biomejs/cli-win32-x64@2.3.0':
    resolution: {integrity: sha512-zOCYmCRVkWXc9v8P7OLbLlGGMxQTKMvi+5IC4v7O8DkjLCOHRzRVK/Lno2pGZNo0lzKM60pcQOhH8HVkXMQdFg==}
    engines: {node: '>=14.21.3'}
    cpu: [x64]
    os: [win32]

  '@eshaz/web-worker@1.2.2':
    resolution: {integrity: sha512-WxXiHFmD9u/owrzempiDlBB1ZYqiLnm9s6aPc8AlFQalq2tKmqdmMr9GXOupDgzXtqnBipj8Un0gkIm7Sjf8mw==}

  '@fastify/busboy@2.1.1':
    resolution: {integrity: sha512-vBZP4NlzfOlerQTnba4aqZoMhE/a9HY7HRqoOPaETQcSQuWEIyZMHGfVu6w9wGtGK5fED5qRs2DteVCjOH60sA==}
    engines: {node: '>=14'}

  '@jridgewell/gen-mapping@0.3.13':
    resolution: {integrity: sha512-2kkt/7niJ6MgEPxF0bYdQ6etZaA+fQvDcLKckhy1yIQOzaoKjBBjSj63/aLVjYE3qhRt5dvM+uUyfCg6UKCBbA==}

  '@jridgewell/remapping@2.3.5':
    resolution: {integrity: sha512-LI9u/+laYG4Ds1TDKSJW2YPrIlcVYOwi2fUC6xB43lueCjgxV4lffOCZCtYFiH6TNOX+tQKXx97T4IKHbhyHEQ==}

  '@jridgewell/resolve-uri@3.1.2':
    resolution: {integrity: sha512-bRISgCIjP20/tbWSPWMEi54QVPRZExkuD9lJL+UIxUKtwVJA8wW1Trb1jMs1RFXo1CBTNZ/5hpC9QvmKWdopKw==}
    engines: {node: '>=6.0.0'}

  '@jridgewell/sourcemap-codec@1.5.5':
    resolution: {integrity: sha512-cYQ9310grqxueWbl+WuIUIaiUaDcj7WOq5fVhEljNVgRfOUhY9fy2zTvfoqWsnebh8Sl70VScFbICvJnLKB0Og==}

  '@jridgewell/trace-mapping@0.3.31':
    resolution: {integrity: sha512-zzNR+SdQSDJzc8joaeP8QQoCQr8NuYx2dIIytl1QeBEZHJ9uW6hebsrYgbz8hJwUQao3TWCMtmfV8Nu1twOLAw==}

  '@mongodb-js/saslprep@1.3.0':
    resolution: {integrity: sha512-zlayKCsIjYb7/IdfqxorK5+xUMyi4vOKcFy10wKJYc63NSdKI8mNME+uJqfatkPmOSMMUiojrL58IePKBm3gvQ==}

  '@types/md5@2.3.6':
    resolution: {integrity: sha512-WD69gNXtRBnpknfZcb4TRQ0XJQbUPZcai/Qdhmka3sxUR3Et8NrXoeAoknG/LghYHTf4ve795rInVYHBTQdNVA==}

  '@types/node-fetch@2.6.13':
    resolution: {integrity: sha512-QGpRVpzSaUs30JBSGPjOg4Uveu384erbHBoT1zeONvyCfwQxIkUshLAOqN/k9EjGviPRmWTTe6aH2qySWKTVSw==}

  '@types/node-schedule@2.1.8':
    resolution: {integrity: sha512-k00g6Yj/oUg/CDC+MeLHUzu0+OFxWbIqrFfDiLi6OPKxTujvpv29mHGM8GtKr7B+9Vv92FcK/8mRqi1DK5f3hA==}

  '@types/node@22.18.12':
    resolution: {integrity: sha512-BICHQ67iqxQGFSzfCFTT7MRQ5XcBjG5aeKh5Ok38UBbPe5fxTyE+aHFxwVrGyr8GNlqFMLKD1D3P2K/1ks8tog==}

  '@types/promise-queue@2.2.3':
    resolution: {integrity: sha512-CuEQpGSYKvHr3SQ7C7WkluLg9CFjVORbn8YFRsQ5u6mqGbZVfSOv03ic9t95HtZuMchnlNqnIsQGFOpxqdhjTQ==}

  '@types/sprintf-js@1.1.4':
    resolution: {integrity: sha512-aWK1reDYWxcjgcIIPmQi3u+OQDuYa9b+lr6eIsGWrekJ9vr1NSjr4Eab8oQ1iKuH1ltFHpXGyerAv1a3FMKxzQ==}

  '@types/webidl-conversions@7.0.3':
    resolution: {integrity: sha512-CiJJvcRtIgzadHCYXw7dqEnMNRjhGZlYK05Mj9OyktqV8uVT8fD2BFOB7S1uwBE3Kj2Z+4UyPmFw/Ixgw/LAlA==}

  '@types/whatwg-url@11.0.5':
    resolution: {integrity: sha512-coYR071JRaHa+xoEvvYqvnIHaVqaYrLPbsufM9BF63HkwI5Lgmy2QR8Q5K/lYDYo5AK82wOvSOS0UsLTpTG7uQ==}

  '@types/ws@8.18.1':
    resolution: {integrity: sha512-ThVF6DCVhA8kUGy+aazFQ4kXQ7E1Ty7A3ypFOe0IcJV8O/M511G99AW24irKrW56Wt44yG9+ij8FaqoBGkuBXg==}

  '@wasm-audio-decoders/common@9.0.7':
    resolution: {integrity: sha512-WRaUuWSKV7pkttBygml/a6dIEpatq2nnZGFIoPTc5yPLkxL6Wk4YaslPM98OPQvWacvNZ+Py9xROGDtrFBDzag==}

  async-wait-until@2.0.31:
    resolution: {integrity: sha512-9VCfHvc4f36oT6sG5p16aKc9zojf3wF4FrjNDxU3Db51SJ1bQ5lWAWtQDDZPysTwSLKBDzNZ083qPkTIj6XnrA==}
    engines: {node: '>= 0.14.0', npm: '>= 1.0.0'}

  asynckit@0.4.0:
    resolution: {integrity: sha512-Oei9OH4tRh0YqU3GxhX79dM/mwVgvbZJaSNaRk+bshkj0S5cfHcgYakreBjrHwatXKbz+IoIdYLxrKim2MjW0Q==}

  baseline-browser-mapping@2.8.6:
    resolution: {integrity: sha512-wrH5NNqren/QMtKUEEJf7z86YjfqW/2uw3IL3/xpqZUC95SSVIFXYQeeGjL6FT/X68IROu6RMehZQS5foy2BXw==}
    hasBin: true

  browserslist@4.26.2:
    resolution: {integrity: sha512-ECFzp6uFOSB+dcZ5BK/IBaGWssbSYBHvuMeMt3MMFyhI0Z8SqGgEkBLARgpRH3hutIgPVsALcMwbDrJqPxQ65A==}
    engines: {node: ^6 || ^7 || ^8 || ^9 || ^10 || ^11 || ^12 || >=13.7}
    hasBin: true

  bson@6.10.4:
    resolution: {integrity: sha512-WIsKqkSC0ABoBJuT1LEX+2HEvNmNKKgnTAyd0fL8qzK4SH2i9NXg+t08YtdZp/V9IZ33cxe3iV4yM0qg8lMQng==}
    engines: {node: '>=16.20.1'}

  call-bind-apply-helpers@1.0.2:
    resolution: {integrity: sha512-Sp1ablJ0ivDkSzjcaJdxEunN5/XvksFJ2sMBFfq6x0ryhQV/2b/KwFe21cMpmHtPOSij8K99/wSfoEuTObmuMQ==}
    engines: {node: '>= 0.4'}

  caniuse-lite@1.0.30001743:
    resolution: {integrity: sha512-e6Ojr7RV14Un7dz6ASD0aZDmQPT/A+eZU+nuTNfjqmRrmkmQlnTNWH0SKmqagx9PeW87UVqapSurtAXifmtdmw==}

  charenc@0.0.2:
    resolution: {integrity: sha512-yrLQ/yVUFXkzg7EDQsPieE/53+0RlaWTs+wBrvW36cyilJ2SaDWfl4Yj7MtLTXleV9uEKefbAGUPv2/iWSooRA==}

  combined-stream@1.0.8:
    resolution: {integrity: sha512-FQN4MRfuJeHf7cBbBMJFXhKSDq+2kAArBlmRBvcvFE5BB1HZKXtSFASDhdlz9zOYwxh8lDdnvmMOe/+5cdoEdg==}
    engines: {node: '>= 0.8'}

  convert-source-map@2.0.0:
    resolution: {integrity: sha512-Kvp459HrV2FEJ1CAsi1Ku+MY3kasH19TFykTz2xWmMeq6bk2NU3XXvfJ+Q61m0xktWwt+1HSYf3JZsTms3aRJg==}

  cron-parser@4.9.0:
    resolution: {integrity: sha512-p0SaNjrHOnQeR8/VnfGbmg9te2kfyYSQ7Sc/j/6DtPL3JQvKxmjO9TSjNFpujqV3vEYYBvNNvXSxzyksBWAx1Q==}
    engines: {node: '>=12.0.0'}

  crypt@0.0.2:
    resolution: {integrity: sha512-mCxBlsHFYh9C+HVpiEacem8FEBnMXgU9gy4zmNC+SXAZNB/1idgp/aulFJ4FgCi7GPEVbfyng092GqL2k2rmow==}

  debug@4.4.3:
    resolution: {integrity: sha512-RGwwWnwQvkVfavKVt22FGLw+xYSdzARwm0ru6DhTVA3umU5hZc28V3kO4stgYryrTlLpuvgI9GiijltAjNbcqA==}
    engines: {node: '>=6.0'}
    peerDependencies:
      supports-color: '*'
    peerDependenciesMeta:
      supports-color:
        optional: true

  delayed-stream@1.0.0:
    resolution: {integrity: sha512-ZySD7Nf91aLB0RxL4KGrKHBXl7Eds1DAmEdcoVawXnLD7SDhpNgtuII2aAkg7a7QS41jxPSZ17p4VdGnMHk3MQ==}
    engines: {node: '>=0.4.0'}

  dunder-proto@1.0.1:
    resolution: {integrity: sha512-KIN/nDJBQRcXw0MLVhZE9iQHmG68qAVIBg9CqmUYjmQIhgij9U5MFvrqkUL5FbtyyzZuOeOt0zdeRe4UY7ct+A==}
    engines: {node: '>= 0.4'}

  electron-to-chromium@1.5.222:
    resolution: {integrity: sha512-gA7psSwSwQRE60CEoLz6JBCQPIxNeuzB2nL8vE03GK/OHxlvykbLyeiumQy1iH5C2f3YbRAZpGCMT12a/9ih9w==}

  eris@0.18.0:
    resolution: {integrity: sha512-zv2hjAfs4SYjR/EHUwBGNoKClctbqki1jPMed4SiQ4KKfafV1MIBLqKodQSGDgT9qkSUI5+MQ4EQW/8MkbAPkg==}
    engines: {node: '>=10.4.0'}

  es-define-property@1.0.1:
    resolution: {integrity: sha512-e3nRfgfUZ4rNGL232gUgX06QNyyez04KdjFrF+LTRoOXmrOgFKDg4BCdsjW8EnT69eqdYGmRpJwiPVYNrCaW3g==}
    engines: {node: '>= 0.4'}

  es-errors@1.3.0:
    resolution: {integrity: sha512-Zf5H2Kxt2xjTvbJvP2ZWLEICxA6j+hAmMzIlypy4xcBg1vKVnx89Wy0GbS+kf5cwCVFFzdCFh2XSCFNULS6csw==}
    engines: {node: '>= 0.4'}

  es-object-atoms@1.1.1:
    resolution: {integrity: sha512-FGgH2h8zKNim9ljj7dankFPcICIK9Cp5bm+c2gQSYePhpaG5+esrLODihIorn+Pe6FGJzWhXQotPv73jTaldXA==}
    engines: {node: '>= 0.4'}

  es-set-tostringtag@2.1.0:
    resolution: {integrity: sha512-j6vWzfrGVfyXxge+O0x5sh6cvxAog0a/4Rdd2K36zCMV5eJ+/+tOAngRO8cODMNWbVRdVlmGZQL2YS3yR8bIUA==}
    engines: {node: '>= 0.4'}

  escalade@3.2.0:
    resolution: {integrity: sha512-WUj2qlxaQtO4g6Pq5c29GTcWGDyd8itL8zTlipgECz3JesAiiOKotd8JU6otB3PACgG6xkJUyVhboMS+bje/jA==}
    engines: {node: '>=6'}

  eventemitter3@5.0.1:
    resolution: {integrity: sha512-GWkBvjiSZK87ELrYOSESUYeVIc9mvLLf/nXalMOS5dYrgZq9o5OVkbZAVM06CVxYsCwH9BDZFPlQTlPA1j4ahA==}

  fix-esm@1.0.1:
    resolution: {integrity: sha512-EZtb7wPXZS54GaGxaWxMlhd1DUDCnAg5srlYdu/1ZVeW+7wwR3Tp59nu52dXByFs3MBRq+SByx1wDOJpRvLEXw==}

  form-data@4.0.4:
    resolution: {integrity: sha512-KrGhL9Q4zjj0kiUt5OO4Mr/A/jlI2jDYs5eHBpYHPcBEVSiipAvn2Ko2HnPe20rmcuuvMHNdZFp+4IlGTMF0Ow==}
    engines: {node: '>= 6'}

  function-bind@1.1.2:
    resolution: {integrity: sha512-7XHNxH7qX9xG5mIwxkhumTox/MIRNcOgDrxWsMt2pAr23WHp6MrRlN7FBSFpCpr+oVO0F744iUgR82nJMfG2SA==}

  gensync@1.0.0-beta.2:
    resolution: {integrity: sha512-3hN7NaskYvMDLQY55gnW3NQ+mesEAepTqlg+VEbj7zzqEMBVNhzcGYYeqFo/TlYz6eQiFcp1HcsCZO+nGgS8zg==}
    engines: {node: '>=6.9.0'}

  get-intrinsic@1.3.0:
    resolution: {integrity: sha512-9fSjSaos/fRIVIp+xSJlE6lfwhES7LNtKaCBIamHsjr2na1BiABJPo0mOjjz8GJDURarmCPGqaiVg5mfjb98CQ==}
    engines: {node: '>= 0.4'}

  get-proto@1.0.1:
    resolution: {integrity: sha512-sTSfBjoXBp89JvIKIefqw7U2CCebsc74kiY6awiGogKtoSGbgjYE/G/+l9sF3MWFPNc9IcoOC4ODfKHfxFmp0g==}
    engines: {node: '>= 0.4'}

  globals@16.4.0:
    resolution: {integrity: sha512-ob/2LcVVaVGCYN+r14cnwnoDPUufjiYgSqRhiFD0Q1iI4Odora5RE8Iv1D24hAz5oMophRGkGz+yuvQmmUMnMw==}
    engines: {node: '>=18'}

  gopd@1.2.0:
    resolution: {integrity: sha512-ZUKRh6/kUFoAiTAtTYPZJ3hw9wNxx+BIBOijnlG9PnrJsCcSjs1wyyD6vJpaYtgnzDrKYRSqf3OO6Rfa93xsRg==}
    engines: {node: '>= 0.4'}

  has-symbols@1.1.0:
    resolution: {integrity: sha512-1cDNdwJ2Jaohmb3sg4OmKaMBwuC48sYni5HUw2DvsC8LjGTLK9h+eb1X6RyuOHe4hT0ULCW68iomhjUoKUqlPQ==}
    engines: {node: '>= 0.4'}

  has-tostringtag@1.0.2:
    resolution: {integrity: sha512-NqADB8VjPFLM2V0VvHUewwwsw0ZWBaIdgo+ieHtK3hasLz4qeCRjYcqfB6AQrBggRKppKF8L52/VqdVsO47Dlw==}
    engines: {node: '>= 0.4'}

  hasown@2.0.2:
    resolution: {integrity: sha512-0hJU9SCPvmMzIBdZFqNPXWa6dqh7WdH0cII9y+CyS8rG3nL48Bclra9HmKhVVUHyPWNH5Y7xDwAB7bfgSjkUMQ==}
    engines: {node: '>= 0.4'}

  is-buffer@1.1.6:
    resolution: {integrity: sha512-NcdALwpXkTm5Zvvbk7owOUSvVvBKDgKP5/ewfXEznmQFfs4ZRmanOeKBTjRVjka3QFoN6XJ+9F3USqfHqTaU5w==}

  js-tokens@4.0.0:
    resolution: {integrity: sha512-RdJUflcE3cUzKiMqQgsCu06FPu9UdIJO0beYbPhHN4k6apgJtifcoCtT9bcxOpYBtpD2kCM6Sbzg4CausW/PKQ==}

  jsesc@3.1.0:
    resolution: {integrity: sha512-/sM3dO2FOzXjKQhJuo0Q173wf2KOo8t4I8vHy6lF9poUp7bKT0/NHE8fPX23PwfhnykfqnC2xRxOnVw5XuGIaA==}
    engines: {node: '>=6'}
    hasBin: true

  json5@2.2.3:
    resolution: {integrity: sha512-XmOWe7eyHYH14cLdVPoyg+GOH3rYX++KpzrylJwSW98t3Nk+U8XOl8FWKOgwtzdb8lXGf6zYwDUzeHMWfxasyg==}
    engines: {node: '>=6'}
    hasBin: true

  lodash.isequal@4.5.0:
    resolution: {integrity: sha512-pDo3lu8Jhfjqls6GkMgpahsF9kCyayhgykjyLMNFTKWrpVdAQtYyB4muAMWozBB4ig/dtWAmsMxLEI8wuz+DYQ==}
    deprecated: This package is deprecated. Use require('node:util').isDeepStrictEqual instead.

  long-timeout@0.1.1:
    resolution: {integrity: sha512-BFRuQUqc7x2NWxfJBCyUrN8iYUYznzL9JROmRz1gZ6KlOIgmoD+njPVbb+VNn2nGMKggMsK79iUNErillsrx7w==}

  lru-cache@5.1.1:
    resolution: {integrity: sha512-KpNARQA3Iwv+jTA0utUVVbrh+Jlrr1Fv0e56GGzAFOXN7dk/FviaDW8LHmK52DlcH4WP2n6gI8vN1aesBFgo9w==}

  luxon@3.7.2:
    resolution: {integrity: sha512-vtEhXh/gNjI9Yg1u4jX/0YVPMvxzHuGgCm6tC5kZyb08yjGWGnqAjGJvcXbqQR2P3MyMEFnRbpcdFS6PBcLqew==}
    engines: {node: '>=12'}

  math-intrinsics@1.1.0:
    resolution: {integrity: sha512-/IXtbwEk5HTPyEwyKX6hGkYXxM9nbj64B+ilVJnC/R6B0pH5G4V3b0pVbL7DBj4tkhBAppbQUlf6F6Xl9LHu1g==}
    engines: {node: '>= 0.4'}

  md5@2.3.0:
    resolution: {integrity: sha512-T1GITYmFaKuO91vxyoQMFETst+O71VUPEU3ze5GNzDm0OWdP8v1ziTaAEPUr/3kLsY3Sftgz242A1SetQiDL7g==}

  memory-pager@1.5.0:
    resolution: {integrity: sha512-ZS4Bp4r/Zoeq6+NLJpP+0Zzm0pR8whtGPf1XExKLJBAczGMnSi3It14OiNCStjQjM6NU1okjQGSxgEZN8eBYKg==}

  mime-db@1.52.0:
    resolution: {integrity: sha512-sPU4uV7dYlvtWJxwwxHD0PuihVNiE7TyAbQ5SWxDCB9mUYvOgroQOwYQQOKPJ8CIbE+1ETVlOoK1UC2nU3gYvg==}
    engines: {node: '>= 0.6'}

  mime-types@2.1.35:
    resolution: {integrity: sha512-ZDY+bPm5zTTF+YpCrAU9nK0UgICYPT0QtT1NZWFv4s++TNkcgVaT0g6+4R2uI4MjQjzysHB1zxuWL50hzaeXiw==}
    engines: {node: '>= 0.6'}

  mongodb-connection-string-url@3.0.2:
    resolution: {integrity: sha512-rMO7CGo/9BFwyZABcKAWL8UJwH/Kc2x0g72uhDWzG48URRax5TCIcJ7Rc3RZqffZzO/Gwff/jyKwCU9TN8gehA==}

  mongodb@6.20.0:
    resolution: {integrity: sha512-Tl6MEIU3K4Rq3TSHd+sZQqRBoGlFsOgNrH5ltAcFBV62Re3Fd+FcaVf8uSEQFOJ51SDowDVttBTONMfoYWrWlQ==}
    engines: {node: '>=16.20.1'}
    peerDependencies:
      '@aws-sdk/credential-providers': ^3.188.0
      '@mongodb-js/zstd': ^1.1.0 || ^2.0.0
      gcp-metadata: ^5.2.0
      kerberos: ^2.0.1
      mongodb-client-encryption: '>=6.0.0 <7'
      snappy: ^7.3.2
      socks: ^2.7.1
    peerDependenciesMeta:
      '@aws-sdk/credential-providers':
        optional: true
      '@mongodb-js/zstd':
        optional: true
      gcp-metadata:
        optional: true
      kerberos:
        optional: true
      mongodb-client-encryption:
        optional: true
      snappy:
        optional: true
      socks:
        optional: true

  mpg123-decoder@1.0.3:
    resolution: {integrity: sha512-+fjxnWigodWJm3+4pndi+KUg9TBojgn31DPk85zEsim7C6s0X5Ztc/hQYdytXkwuGXH+aB0/aEkG40Emukv6oQ==}

  ms@2.1.3:
    resolution: {integrity: sha512-6FlzubTLZG3J2a/NVCAleEhjzq5oxgHyaCU9yYXvcLsvoVaHJq/s5xXI6/XXP6tz7R9xAOtHnSO/tXtF3WRTlA==}

  node-fetch@2.7.0:
    resolution: {integrity: sha512-c4FRfUm/dbcWZ7U+1Wq0AwCyFL+3nt2bEw05wfxSz+DWpWsitgmSgYmy2dQdWyKC1694ELPqMs/YzUSNozLt8A==}
    engines: {node: 4.x || >=6.0.0}
    peerDependencies:
      encoding: ^0.1.0
    peerDependenciesMeta:
      encoding:
        optional: true

  node-releases@2.0.21:
    resolution: {integrity: sha512-5b0pgg78U3hwXkCM8Z9b2FJdPZlr9Psr9V2gQPESdGHqbntyFJKFW4r5TeWGFzafGY3hzs1JC62VEQMbl1JFkw==}

  node-schedule@2.1.1:
    resolution: {integrity: sha512-OXdegQq03OmXEjt2hZP33W2YPs/E5BcFQks46+G2gAxs4gHOIVD1u7EqlYLYSKsaIpyKCK9Gbk0ta1/gjRSMRQ==}
    engines: {node: '>=6'}

  opusscript@0.0.8:
    resolution: {integrity: sha512-VSTi1aWFuCkRCVq+tx/BQ5q9fMnQ9pVZ3JU4UHKqTkf0ED3fKEPdr+gKAAl3IA2hj9rrP6iyq3hlcJq3HELtNQ==}

  picocolors@1.1.1:
    resolution: {integrity: sha512-xceH2snhtb5M9liqDsmEw56le376mTZkEX/jEb/RxNFyegNul7eNslCXP9FDj/Lcu0X8KEyMceP2ntpaHrDEVA==}

  promise-queue@2.2.5:
    resolution: {integrity: sha512-p/iXrPSVfnqPft24ZdNNLECw/UrtLTpT3jpAAMzl/o5/rDsGCPo3/CQS2611flL6LkoEJ3oQZw7C8Q80ZISXRQ==}
    engines: {node: '>= 0.8.0'}

  punycode@2.3.1:
    resolution: {integrity: sha512-vYt7UD1U9Wg6138shLtLOvdAu+8DsC/ilFtEVHcH+wydcSpNE20AfSOduf6MkRFahL5FY7X1oU7nKVZFtfq8Fg==}
    engines: {node: '>=6'}

  semver@6.3.1:
    resolution: {integrity: sha512-BR7VvDCVHO+q2xBEWskxS6DJE1qRnb7DxzUrogb71CWoSficBxYsiAGd+Kl0mmq/MprG9yArRkyrQxTO6XjMzA==}
    hasBin: true

  simple-yenc@1.0.4:
    resolution: {integrity: sha512-5gvxpSd79e9a3V4QDYUqnqxeD4HGlhCakVpb6gMnDD7lexJggSBJRBO5h52y/iJrdXRilX9UCuDaIJhSWm5OWw==}

  slash-create@6.6.4:
    resolution: {integrity: sha512-+y8wLT2j49ID2Mx6qBNoHjY2GrjjAX1ngR1+/h6AqccrGcuAlCX/EQ8Q8fqxbDPYzHlOSGxE9FR6siz7rV1GDg==}
    engines: {node: '>=16'}
    peerDependencies:
      express: ^4
      fastify: ^3 || ^4
    peerDependenciesMeta:
      express:
        optional: true
      fastify:
        optional: true

  sorted-array-functions@1.3.0:
    resolution: {integrity: sha512-2sqgzeFlid6N4Z2fUQ1cvFmTOLRi/sEDzSQ0OKYchqgoPmQBVyM3959qYx3fpS6Esef80KjmpgPeEr028dP3OA==}

  sparse-bitfield@3.0.3:
    resolution: {integrity: sha512-kvzhi7vqKTfkh0PZU+2D2PIllw2ymqJKujUcyPMd9Y75Nv4nPbGJZXNhxsgdQab2BmlDct1YnfQCguEvHr7VsQ==}

  sprintf-js@1.1.3:
    resolution: {integrity: sha512-Oo+0REFV59/rz3gfJNKQiBlwfHaSESl1pcGyABQsnnIfWOFt6JNj5gCog2U6MLZ//IGYD+nA8nI+mTShREReaA==}

  status-client@https://codeload.github.com/jimchen5209/StatusClient_JS/tar.gz/be7568ff41c68bf6a87b892698145af7c8a8c983:
    resolution: {tarball: https://codeload.github.com/jimchen5209/StatusClient_JS/tar.gz/be7568ff41c68bf6a87b892698145af7c8a8c983}
    version: 2.3.0

  tr46@0.0.3:
    resolution: {integrity: sha512-N3WMsuqV66lT30CrXNbEjx4GEwlow3v6rr4mCcv6prnfwhS01rkgyFdjPNBYd9br7LpXV1+Emh01fHnq2Gdgrw==}

  tr46@5.1.1:
    resolution: {integrity: sha512-hdF5ZgjTqgAntKkklYw0R03MG2x/bSzTtkxmIRw/sTNV8YXsCJ1tfLAX23lhxhHJlEf3CRCOCGGWw3vI3GaSPw==}
    engines: {node: '>=18'}

  tslog@4.10.2:
    resolution: {integrity: sha512-XuELoRpMR+sq8fuWwX7P0bcj+PRNiicOKDEb3fGNURhxWVyykCi9BNq7c4uVz7h7P0sj8qgBsr5SWS6yBClq3g==}
    engines: {node: '>=16'}

  tweetnacl@1.0.3:
    resolution: {integrity: sha512-6rt+RN7aOi1nGMyC4Xa5DdYiukl2UWCbcJft7YhxReBGQD7OAM8Pbxw6YMo4r2diNEA8FEmu32YOn9rhaiE5yw==}

  typescript@5.9.3:
    resolution: {integrity: sha512-jl1vZzPDinLr9eUt3J/t7V6FgNEw9QjvBPdysz9KfQDD41fQrC2Y4vKQdiaUpFT4bXlb1RHhLpp8wtm6M5TgSw==}
    engines: {node: '>=14.17'}
    hasBin: true

  undici-types@6.21.0:
    resolution: {integrity: sha512-iwDZqg0QAGrg9Rav5H4n0M64c3mkR59cJ6wQp+7C4nI0gsmExaedaYLNO44eT4AtBBwjbTiGPMlt2Md0T9H9JQ==}

  undici@5.29.0:
    resolution: {integrity: sha512-raqeBD6NQK4SkWhQzeYKd1KmIG6dllBOTt55Rmkt4HtI9mwdWtJljnrXjAFUBLTSN67HWrOIZ3EPF4kjUw80Bg==}
    engines: {node: '>=14.0'}

  update-browserslist-db@1.1.3:
    resolution: {integrity: sha512-UxhIZQ+QInVdunkDAaiazvvT/+fXL5Osr0JZlJulepYu6Jd7qJtDZjlur0emRlT71EN3ScPoE7gvsuIKKNavKw==}
    hasBin: true
    peerDependencies:
      browserslist: '>= 4.21.0'

  webidl-conversions@3.0.1:
    resolution: {integrity: sha512-2JAn3z8AR6rjK8Sm8orRC0h/bcl/DqL7tRPdGZ4I1CjdF+EaMLmYxBHyXuKL849eucPFhvBoxMsflfOb8kxaeQ==}

  webidl-conversions@7.0.0:
    resolution: {integrity: sha512-VwddBukDzu71offAQR975unBIGqfKZpM+8ZX6ySk8nYhVoo5CYaZyzt3YBvYtRtO+aoGlqxPg/B87NGVZ/fu6g==}
    engines: {node: '>=12'}

  whatwg-url@14.2.0:
    resolution: {integrity: sha512-De72GdQZzNTUBBChsXueQUnPKDkg/5A5zp7pFDuQAj5UFoENpiACU0wlCvzpAGnTkj++ihpKwKyYewn/XNUbKw==}
    engines: {node: '>=18'}

  whatwg-url@5.0.0:
    resolution: {integrity: sha512-saE57nupxk6v3HY35+jzBwYa0rKSy0XR8JSxZPwgLr7ys0IBzhGviA1/TUGJLmSVqs8pb9AnvICXEuOHLprYTw==}

  ws@8.18.3:
    resolution: {integrity: sha512-PEIGCY5tSlUt50cqyMXfCzX+oOPqN0vuGqWzbcJ2xvnkzkq46oOpz7dQaTDBdfICb4N14+GARUDw2XV2N4tvzg==}
    engines: {node: '>=10.0.0'}
    peerDependencies:
      bufferutil: ^4.0.1
      utf-8-validate: '>=5.0.2'
    peerDependenciesMeta:
      bufferutil:
        optional: true
      utf-8-validate:
        optional: true

  yallist@3.1.1:
    resolution: {integrity: sha512-a4UGQaWPH59mOXUYnAG2ewncQS4i4F43Tv3JoAM+s2VDAmS9NsK8GpDMLrCHPksFT7h3K6TOoUNn2pb7RoXx4g==}

snapshots:

  '@babel/code-frame@7.27.1':
    dependencies:
      '@babel/helper-validator-identifier': 7.27.1
      js-tokens: 4.0.0
      picocolors: 1.1.1

  '@babel/compat-data@7.28.4': {}

  '@babel/core@7.28.4':
    dependencies:
      '@babel/code-frame': 7.27.1
      '@babel/generator': 7.28.3
      '@babel/helper-compilation-targets': 7.27.2
      '@babel/helper-module-transforms': 7.28.3(@babel/core@7.28.4)
      '@babel/helpers': 7.28.4
      '@babel/parser': 7.28.4
      '@babel/template': 7.27.2
      '@babel/traverse': 7.28.4
      '@babel/types': 7.28.4
      '@jridgewell/remapping': 2.3.5
      convert-source-map: 2.0.0
      debug: 4.4.3
      gensync: 1.0.0-beta.2
      json5: 2.2.3
      semver: 6.3.1
    transitivePeerDependencies:
      - supports-color

  '@babel/generator@7.28.3':
    dependencies:
      '@babel/parser': 7.28.4
      '@babel/types': 7.28.4
      '@jridgewell/gen-mapping': 0.3.13
      '@jridgewell/trace-mapping': 0.3.31
      jsesc: 3.1.0

  '@babel/helper-compilation-targets@7.27.2':
    dependencies:
      '@babel/compat-data': 7.28.4
      '@babel/helper-validator-option': 7.27.1
      browserslist: 4.26.2
      lru-cache: 5.1.1
      semver: 6.3.1

  '@babel/helper-globals@7.28.0': {}

  '@babel/helper-module-imports@7.27.1':
    dependencies:
      '@babel/traverse': 7.28.4
      '@babel/types': 7.28.4
    transitivePeerDependencies:
      - supports-color

  '@babel/helper-module-transforms@7.28.3(@babel/core@7.28.4)':
    dependencies:
      '@babel/core': 7.28.4
      '@babel/helper-module-imports': 7.27.1
      '@babel/helper-validator-identifier': 7.27.1
      '@babel/traverse': 7.28.4
    transitivePeerDependencies:
      - supports-color

  '@babel/helper-plugin-utils@7.27.1': {}

  '@babel/helper-string-parser@7.27.1': {}

  '@babel/helper-validator-identifier@7.27.1': {}

  '@babel/helper-validator-option@7.27.1': {}

  '@babel/helpers@7.28.4':
    dependencies:
      '@babel/template': 7.27.2
      '@babel/types': 7.28.4

  '@babel/parser@7.28.4':
    dependencies:
      '@babel/types': 7.28.4

  '@babel/plugin-proposal-export-namespace-from@7.18.9(@babel/core@7.28.4)':
    dependencies:
      '@babel/core': 7.28.4
      '@babel/helper-plugin-utils': 7.27.1
      '@babel/plugin-syntax-export-namespace-from': 7.8.3(@babel/core@7.28.4)

  '@babel/plugin-syntax-export-namespace-from@7.8.3(@babel/core@7.28.4)':
    dependencies:
      '@babel/core': 7.28.4
      '@babel/helper-plugin-utils': 7.27.1

  '@babel/plugin-transform-modules-commonjs@7.27.1(@babel/core@7.28.4)':
    dependencies:
      '@babel/core': 7.28.4
      '@babel/helper-module-transforms': 7.28.3(@babel/core@7.28.4)
      '@babel/helper-plugin-utils': 7.27.1
    transitivePeerDependencies:
      - supports-color

  '@babel/template@7.27.2':
    dependencies:
      '@babel/code-frame': 7.27.1
      '@babel/parser': 7.28.4
      '@babel/types': 7.28.4

  '@babel/traverse@7.28.4':
    dependencies:
      '@babel/code-frame': 7.27.1
      '@babel/generator': 7.28.3
      '@babel/helper-globals': 7.28.0
      '@babel/parser': 7.28.4
      '@babel/template': 7.27.2
      '@babel/types': 7.28.4
      debug: 4.4.3
    transitivePeerDependencies:
      - supports-color

  '@babel/types@7.28.4':
    dependencies:
      '@babel/helper-string-parser': 7.27.1
      '@babel/helper-validator-identifier': 7.27.1

  '@biomejs/biome@2.3.0':
    optionalDependencies:
      '@biomejs/cli-darwin-arm64': 2.3.0
      '@biomejs/cli-darwin-x64': 2.3.0
      '@biomejs/cli-linux-arm64': 2.3.0
      '@biomejs/cli-linux-arm64-musl': 2.3.0
      '@biomejs/cli-linux-x64': 2.3.0
      '@biomejs/cli-linux-x64-musl': 2.3.0
      '@biomejs/cli-win32-arm64': 2.3.0
      '@biomejs/cli-win32-x64': 2.3.0

  '@biomejs/cli-darwin-arm64@2.3.0':
    optional: true

  '@biomejs/cli-darwin-x64@2.3.0':
    optional: true

  '@biomejs/cli-linux-arm64-musl@2.3.0':
    optional: true

  '@biomejs/cli-linux-arm64@2.3.0':
    optional: true

  '@biomejs/cli-linux-x64-musl@2.3.0':
    optional: true

  '@biomejs/cli-linux-x64@2.3.0':
    optional: true

  '@biomejs/cli-win32-arm64@2.3.0':
    optional: true

  '@biomejs/cli-win32-x64@2.3.0':
    optional: true

  '@eshaz/web-worker@1.2.2': {}

  '@fastify/busboy@2.1.1': {}

  '@jridgewell/gen-mapping@0.3.13':
    dependencies:
      '@jridgewell/sourcemap-codec': 1.5.5
      '@jridgewell/trace-mapping': 0.3.31

  '@jridgewell/remapping@2.3.5':
    dependencies:
      '@jridgewell/gen-mapping': 0.3.13
      '@jridgewell/trace-mapping': 0.3.31

  '@jridgewell/resolve-uri@3.1.2': {}

  '@jridgewell/sourcemap-codec@1.5.5': {}

  '@jridgewell/trace-mapping@0.3.31':
    dependencies:
      '@jridgewell/resolve-uri': 3.1.2
      '@jridgewell/sourcemap-codec': 1.5.5

  '@mongodb-js/saslprep@1.3.0':
    dependencies:
      sparse-bitfield: 3.0.3

  '@types/md5@2.3.6': {}

  '@types/node-fetch@2.6.13':
    dependencies:
      '@types/node': 22.18.12
      form-data: 4.0.4

  '@types/node-schedule@2.1.8':
    dependencies:
      '@types/node': 22.18.12

  '@types/node@22.18.12':
    dependencies:
      undici-types: 6.21.0

  '@types/promise-queue@2.2.3': {}

  '@types/sprintf-js@1.1.4': {}

  '@types/webidl-conversions@7.0.3': {}

  '@types/whatwg-url@11.0.5':
    dependencies:
      '@types/webidl-conversions': 7.0.3

  '@types/ws@8.18.1':
    dependencies:
      '@types/node': 22.18.12

  '@wasm-audio-decoders/common@9.0.7':
    dependencies:
      '@eshaz/web-worker': 1.2.2
      simple-yenc: 1.0.4

  async-wait-until@2.0.31: {}

  asynckit@0.4.0: {}

  baseline-browser-mapping@2.8.6: {}

  browserslist@4.26.2:
    dependencies:
      baseline-browser-mapping: 2.8.6
      caniuse-lite: 1.0.30001743
      electron-to-chromium: 1.5.222
      node-releases: 2.0.21
      update-browserslist-db: 1.1.3(browserslist@4.26.2)

  bson@6.10.4: {}

  call-bind-apply-helpers@1.0.2:
    dependencies:
      es-errors: 1.3.0
      function-bind: 1.1.2

  caniuse-lite@1.0.30001743: {}

  charenc@0.0.2: {}

  combined-stream@1.0.8:
    dependencies:
      delayed-stream: 1.0.0

  convert-source-map@2.0.0: {}

  cron-parser@4.9.0:
    dependencies:
      luxon: 3.7.2

  crypt@0.0.2: {}

  debug@4.4.3:
    dependencies:
      ms: 2.1.3

  delayed-stream@1.0.0: {}

  dunder-proto@1.0.1:
    dependencies:
      call-bind-apply-helpers: 1.0.2
      es-errors: 1.3.0
      gopd: 1.2.0

  electron-to-chromium@1.5.222: {}

  eris@0.18.0(patch_hash=7819021cea1567d4fb8c6a81e73630ce08082dfe9ae781b59650a6b68f1126b2):
    dependencies:
      ws: 8.18.3
    optionalDependencies:
      opusscript: 0.0.8
      tweetnacl: 1.0.3
    transitivePeerDependencies:
      - bufferutil
      - utf-8-validate

  es-define-property@1.0.1: {}

  es-errors@1.3.0: {}

  es-object-atoms@1.1.1:
    dependencies:
      es-errors: 1.3.0

  es-set-tostringtag@2.1.0:
    dependencies:
      es-errors: 1.3.0
      get-intrinsic: 1.3.0
      has-tostringtag: 1.0.2
      hasown: 2.0.2

  escalade@3.2.0: {}

  eventemitter3@5.0.1: {}

  fix-esm@1.0.1:
    dependencies:
      '@babel/core': 7.28.4
      '@babel/plugin-proposal-export-namespace-from': 7.18.9(@babel/core@7.28.4)
      '@babel/plugin-transform-modules-commonjs': 7.27.1(@babel/core@7.28.4)
    transitivePeerDependencies:
      - supports-color

  form-data@4.0.4:
    dependencies:
      asynckit: 0.4.0
      combined-stream: 1.0.8
      es-set-tostringtag: 2.1.0
      hasown: 2.0.2
      mime-types: 2.1.35

  function-bind@1.1.2: {}

  gensync@1.0.0-beta.2: {}

  get-intrinsic@1.3.0:
    dependencies:
      call-bind-apply-helpers: 1.0.2
      es-define-property: 1.0.1
      es-errors: 1.3.0
      es-object-atoms: 1.1.1
      function-bind: 1.1.2
      get-proto: 1.0.1
      gopd: 1.2.0
      has-symbols: 1.1.0
      hasown: 2.0.2
      math-intrinsics: 1.1.0

  get-proto@1.0.1:
    dependencies:
      dunder-proto: 1.0.1
      es-object-atoms: 1.1.1

  globals@16.4.0: {}

  gopd@1.2.0: {}

  has-symbols@1.1.0: {}

  has-tostringtag@1.0.2:
    dependencies:
      has-symbols: 1.1.0

  hasown@2.0.2:
    dependencies:
      function-bind: 1.1.2

  is-buffer@1.1.6: {}

  js-tokens@4.0.0: {}

  jsesc@3.1.0: {}

  json5@2.2.3: {}

  lodash.isequal@4.5.0: {}

  long-timeout@0.1.1: {}

  lru-cache@5.1.1:
    dependencies:
      yallist: 3.1.1

  luxon@3.7.2: {}

  math-intrinsics@1.1.0: {}

  md5@2.3.0:
    dependencies:
      charenc: 0.0.2
      crypt: 0.0.2
      is-buffer: 1.1.6

  memory-pager@1.5.0: {}

  mime-db@1.52.0: {}

  mime-types@2.1.35:
    dependencies:
      mime-db: 1.52.0

  mongodb-connection-string-url@3.0.2:
    dependencies:
      '@types/whatwg-url': 11.0.5
      whatwg-url: 14.2.0

  mongodb@6.20.0:
    dependencies:
      '@mongodb-js/saslprep': 1.3.0
      bson: 6.10.4
      mongodb-connection-string-url: 3.0.2

  mpg123-decoder@1.0.3:
    dependencies:
      '@wasm-audio-decoders/common': 9.0.7

  ms@2.1.3: {}

  node-fetch@2.7.0:
    dependencies:
      whatwg-url: 5.0.0

  node-releases@2.0.21: {}

  node-schedule@2.1.1:
    dependencies:
      cron-parser: 4.9.0
      long-timeout: 0.1.1
      sorted-array-functions: 1.3.0

  opusscript@0.0.8:
    optional: true

  picocolors@1.1.1: {}

  promise-queue@2.2.5: {}

  punycode@2.3.1: {}

  semver@6.3.1: {}

  simple-yenc@1.0.4: {}

  slash-create@6.6.4:
    dependencies:
      eventemitter3: 5.0.1
      lodash.isequal: 4.5.0
      tweetnacl: 1.0.3
      undici: 5.29.0

  sorted-array-functions@1.3.0: {}

  sparse-bitfield@3.0.3:
    dependencies:
      memory-pager: 1.5.0

  sprintf-js@1.1.3: {}

  status-client@https://codeload.github.com/jimchen5209/StatusClient_JS/tar.gz/be7568ff41c68bf6a87b892698145af7c8a8c983: {}

  tr46@0.0.3: {}

  tr46@5.1.1:
    dependencies:
      punycode: 2.3.1

  tslog@4.10.2: {}

  tweetnacl@1.0.3: {}

  typescript@5.9.3: {}

  undici-types@6.21.0: {}

  undici@5.29.0:
    dependencies:
      '@fastify/busboy': 2.1.1

  update-browserslist-db@1.1.3(browserslist@4.26.2):
    dependencies:
      browserslist: 4.26.2
      escalade: 3.2.0
      picocolors: 1.1.1

  webidl-conversions@3.0.1: {}

  webidl-conversions@7.0.0: {}

  whatwg-url@14.2.0:
    dependencies:
      tr46: 5.1.1
      webidl-conversions: 7.0.0

  whatwg-url@5.0.0:
    dependencies:
      tr46: 0.0.3
      webidl-conversions: 3.0.1

  ws@8.18.3: {}

  yallist@3.1.1: {}
